// !$*UTF8*$!
{
	archiveVersion = 1;
	classes = {
	};
	objectVersion = 50;
	objects = {

/* Begin PBXBuildFile section */
		1AA9F6EF475AE038E1274435 /* libPods-Bean Flap.a in Frameworks */ = {isa = PBXBuildFile; fileRef = F4986A3BCE62358EBEDEB437 /* libPods-Bean Flap.a */; };
		8607E95F234F4B69006B9D57 /* Bean-Flap-Scan.png in Resources */ = {isa = PBXBuildFile; fileRef = 8607E95E234F4B69006B9D57 /* Bean-Flap-Scan.png */; };
		8607E961234F4C67006B9D57 /* Bean-Flap-Search.png in Resources */ = {isa = PBXBuildFile; fileRef = 8607E960234F4C67006B9D57 /* Bean-Flap-Search.png */; };
		8607E963234F4C6B006B9D57 /* Bean-Flap-Message.png in Resources */ = {isa = PBXBuildFile; fileRef = 8607E962234F4C6B006B9D57 /* Bean-Flap-Message.png */; };
		8607E966234F4D21006B9D57 /* BeanFlapEmptyViewController.m in Sources */ = {isa = PBXBuildFile; fileRef = 8607E965234F4D21006B9D57 /* BeanFlapEmptyViewController.m */; };
		8607E968234F5816006B9D57 /* Bean-Flap-Line.png in Resources */ = {isa = PBXBuildFile; fileRef = 8607E967234F5816006B9D57 /* Bean-Flap-Line.png */; };
		8607E96A234F586C006B9D57 /* Bean-Flap-BlackLine.png in Resources */ = {isa = PBXBuildFile; fileRef = 8607E969234F586C006B9D57 /* Bean-Flap-BlackLine.png */; };
		8609D6A5235DE2AE00D87A86 /* BFSmallFilmViewModel.m in Sources */ = {isa = PBXBuildFile; fileRef = 8609D6A4235DE2AE00D87A86 /* BFSmallFilmViewModel.m */; };
		8609D6A7235DE3EC00D87A86 /* BeanFlapMore.png in Resources */ = {isa = PBXBuildFile; fileRef = 8609D6A6235DE3EC00D87A86 /* BeanFlapMore.png */; };
		8609D6A9235DE72B00D87A86 /* BeanFlapWhiteBack.png in Resources */ = {isa = PBXBuildFile; fileRef = 8609D6A8235DE72B00D87A86 /* BeanFlapWhiteBack.png */; };
		860A964023572FB700585F60 /* BeanFlapFilmBack.png in Resources */ = {isa = PBXBuildFile; fileRef = 860A963F23572FB700585F60 /* BeanFlapFilmBack.png */; };
		860A96422357330C00585F60 /* BeanFlapFilmFrame.png in Resources */ = {isa = PBXBuildFile; fileRef = 860A96412357330C00585F60 /* BeanFlapFilmFrame.png */; };
		860A9645235733F400585F60 /* BFFilmListTableViewCell.m in Sources */ = {isa = PBXBuildFile; fileRef = 860A9644235733F400585F60 /* BFFilmListTableViewCell.m */; };
		860CE180235884DD00E51229 /* BFFilmInformationView.m in Sources */ = {isa = PBXBuildFile; fileRef = 860CE17F235884DD00E51229 /* BFFilmInformationView.m */; };
		860CE183235884F600E51229 /* BFFilmInformationModel.m in Sources */ = {isa = PBXBuildFile; fileRef = 860CE182235884F600E51229 /* BFFilmInformationModel.m */; };
		860CE1862358851600E51229 /* BFFilmInformationViewController.m in Sources */ = {isa = PBXBuildFile; fileRef = 860CE1852358851600E51229 /* BFFilmInformationViewController.m */; };
		860CE18923588E6C00E51229 /* BFSmallFilmViewController.m in Sources */ = {isa = PBXBuildFile; fileRef = 860CE18823588E6C00E51229 /* BFSmallFilmViewController.m */; };
		860CE18C235890B800E51229 /* BFSmallFilmView.m in Sources */ = {isa = PBXBuildFile; fileRef = 860CE18B235890B800E51229 /* BFSmallFilmView.m */; };
		8610344B235344AE0070382E /* BFMainViewButtonTableViewCell.m in Sources */ = {isa = PBXBuildFile; fileRef = 8610344A235344AE0070382E /* BFMainViewButtonTableViewCell.m */; };
		86113ACA236426430042A9B8 /* BFMainHeadView.m in Sources */ = {isa = PBXBuildFile; fileRef = 86113AC9236426430042A9B8 /* BFMainHeadView.m */; };
		861150AD234DEF8E0029BEAE /* AppDelegate.m in Sources */ = {isa = PBXBuildFile; fileRef = 861150AC234DEF8E0029BEAE /* AppDelegate.m */; };
		861150B0234DEF8E0029BEAE /* ViewController.m in Sources */ = {isa = PBXBuildFile; fileRef = 861150AF234DEF8E0029BEAE /* ViewController.m */; };
		861150B3234DEF8E0029BEAE /* Main.storyboard in Resources */ = {isa = PBXBuildFile; fileRef = 861150B1234DEF8E0029BEAE /* Main.storyboard */; };
		861150B5234DEF950029BEAE /* Assets.xcassets in Resources */ = {isa = PBXBuildFile; fileRef = 861150B4234DEF950029BEAE /* Assets.xcassets */; };
		861150B8234DEF950029BEAE /* LaunchScreen.storyboard in Resources */ = {isa = PBXBuildFile; fileRef = 861150B6234DEF950029BEAE /* LaunchScreen.storyboard */; };
		861150BB234DEF950029BEAE /* main.m in Sources */ = {isa = PBXBuildFile; fileRef = 861150BA234DEF950029BEAE /* main.m */; };
		861150DC234E25140029BEAE /* Bean-Flap-Shopun.png in Resources */ = {isa = PBXBuildFile; fileRef = 861150D2234E25140029BEAE /* Bean-Flap-Shopun.png */; };
		861150DD234E25140029BEAE /* Bean-Flap-I.png in Resources */ = {isa = PBXBuildFile; fileRef = 861150D3234E25140029BEAE /* Bean-Flap-I.png */; };
		861150DE234E25140029BEAE /* Bean-Flap-Group.png in Resources */ = {isa = PBXBuildFile; fileRef = 861150D4234E25140029BEAE /* Bean-Flap-Group.png */; };
		861150DF234E25140029BEAE /* Bean-Flap-Book.png in Resources */ = {isa = PBXBuildFile; fileRef = 861150D5234E25140029BEAE /* Bean-Flap-Book.png */; };
		861150E0234E25140029BEAE /* Bean-Flap-Iun.png in Resources */ = {isa = PBXBuildFile; fileRef = 861150D6234E25140029BEAE /* Bean-Flap-Iun.png */; };
		861150E1234E25140029BEAE /* Bean-Flap-Shop.png in Resources */ = {isa = PBXBuildFile; fileRef = 861150D7234E25140029BEAE /* Bean-Flap-Shop.png */; };
		861150E2234E25140029BEAE /* Bean-Flap-Bookun.png in Resources */ = {isa = PBXBuildFile; fileRef = 861150D8234E25140029BEAE /* Bean-Flap-Bookun.png */; };
		861150E3234E25140029BEAE /* Bean-Flap-Home.png in Resources */ = {isa = PBXBuildFile; fileRef = 861150D9234E25140029BEAE /* Bean-Flap-Home.png */; };
		861150E4234E25140029BEAE /* Bean-Flap-Groupun.png in Resources */ = {isa = PBXBuildFile; fileRef = 861150DA234E25140029BEAE /* Bean-Flap-Groupun.png */; };
		861150E5234E25140029BEAE /* Bean-Flap-Homeun.png in Resources */ = {isa = PBXBuildFile; fileRef = 861150DB234E25140029BEAE /* Bean-Flap-Homeun.png */; };
		861150EB234E27AE0029BEAE /* BeanFlapMainViewController.m in Sources */ = {isa = PBXBuildFile; fileRef = 861150EA234E27AE0029BEAE /* BeanFlapMainViewController.m */; };
		86128276236DAF8400023821 /* BFNowHeadView.m in Sources */ = {isa = PBXBuildFile; fileRef = 86128275236DAF8400023821 /* BFNowHeadView.m */; };
		86133AAD2351EF7800705ECF /* BeanFlapMainView.m in Sources */ = {isa = PBXBuildFile; fileRef = 86133AAC2351EF7800705ECF /* BeanFlapMainView.m */; };
		86133AB52351FCC700705ECF /* Bean-Flap-Logo.png in Resources */ = {isa = PBXBuildFile; fileRef = 86133AB42351FCC700705ECF /* Bean-Flap-Logo.png */; };
		86133ABA2352157900705ECF /* Bean-Flap-Arrow-Right.png in Resources */ = {isa = PBXBuildFile; fileRef = 86133AB92352157900705ECF /* Bean-Flap-Arrow-Right.png */; };
		86133ABD2352168900705ECF /* BeanFlapFilmListView.m in Sources */ = {isa = PBXBuildFile; fileRef = 86133ABC2352168900705ECF /* BeanFlapFilmListView.m */; };
		86133AC0235216A600705ECF /* BeanFlapFilmListModel.m in Sources */ = {isa = PBXBuildFile; fileRef = 86133ABF235216A600705ECF /* BeanFlapFilmListModel.m */; };
		86133AC3235216C600705ECF /* BeanFlapFilmListViewController.m in Sources */ = {isa = PBXBuildFile; fileRef = 86133AC2235216C600705ECF /* BeanFlapFilmListViewController.m */; };
		86163947235B5F6300DED4A2 /* BeanFlapFilmUnPick.png in Resources */ = {isa = PBXBuildFile; fileRef = 86163946235B5F6300DED4A2 /* BeanFlapFilmUnPick.png */; };
		86163949235B609800DED4A2 /* BeanFlapFilmPick.png in Resources */ = {isa = PBXBuildFile; fileRef = 86163948235B609800DED4A2 /* BeanFlapFilmPick.png */; };
		861A55002361BED000370DE9 /* BeanFlapMainViewModel.m in Sources */ = {isa = PBXBuildFile; fileRef = 861A54FF2361BED000370DE9 /* BeanFlapMainViewModel.m */; };
		861A55032361BF0600370DE9 /* BeanFlapMainViewManger.m in Sources */ = {isa = PBXBuildFile; fileRef = 861A55022361BF0600370DE9 /* BeanFlapMainViewManger.m */; };
		861B1BEC2369D5420078A48E /* BFWillHeadViewModel.m in Sources */ = {isa = PBXBuildFile; fileRef = 861B1BEB2369D5420078A48E /* BFWillHeadViewModel.m */; };
		8664C56F235C98FB006069AB /* BeanFlapStarPart.png in Resources */ = {isa = PBXBuildFile; fileRef = 8664C56C235C98FB006069AB /* BeanFlapStarPart.png */; };
		8664C570235C98FB006069AB /* BeanFlapStarLight.png in Resources */ = {isa = PBXBuildFile; fileRef = 8664C56D235C98FB006069AB /* BeanFlapStarLight.png */; };
		8664C571235C98FB006069AB /* BeanFlapStarUnlight.png in Resources */ = {isa = PBXBuildFile; fileRef = 8664C56E235C98FB006069AB /* BeanFlapStarUnlight.png */; };
		86FD4F8D2365C75100AA865A /* BFWillHeadView.m in Sources */ = {isa = PBXBuildFile; fileRef = 86FD4F8C2365C75100AA865A /* BFWillHeadView.m */; };
		86FD4F912365D03700AA865A /* BeanFlapNilImageView.jpg in Resources */ = {isa = PBXBuildFile; fileRef = 86FD4F902365D03700AA865A /* BeanFlapNilImageView.jpg */; };
/* End PBXBuildFile section */

/* Begin PBXFileReference section */
		4BFEDFE8FFDD940FBD1EB6C6 /* Pods-Bean Flap.release.xcconfig */ = {isa = PBXFileReference; includeInIndex = 1; lastKnownFileType = text.xcconfig; name = "Pods-Bean Flap.release.xcconfig"; path = "Target Support Files/Pods-Bean Flap/Pods-Bean Flap.release.xcconfig"; sourceTree = "<group>"; };
		8607E95E234F4B69006B9D57 /* Bean-Flap-Scan.png */ = {isa = PBXFileReference; lastKnownFileType = image.png; path = "Bean-Flap-Scan.png"; sourceTree = "<group>"; };
		8607E960234F4C67006B9D57 /* Bean-Flap-Search.png */ = {isa = PBXFileReference; lastKnownFileType = image.png; path = "Bean-Flap-Search.png"; sourceTree = "<group>"; };
		8607E962234F4C6B006B9D57 /* Bean-Flap-Message.png */ = {isa = PBXFileReference; lastKnownFileType = image.png; path = "Bean-Flap-Message.png"; sourceTree = "<group>"; };
		8607E964234F4D21006B9D57 /* BeanFlapEmptyViewController.h */ = {isa = PBXFileReference; lastKnownFileType = sourcecode.c.h; path = BeanFlapEmptyViewController.h; sourceTree = "<group>"; };
		8607E965234F4D21006B9D57 /* BeanFlapEmptyViewController.m */ = {isa = PBXFileReference; lastKnownFileType = sourcecode.c.objc; path = BeanFlapEmptyViewController.m; sourceTree = "<group>"; };
		8607E967234F5816006B9D57 /* Bean-Flap-Line.png */ = {isa = PBXFileReference; lastKnownFileType = image.png; path = "Bean-Flap-Line.png"; sourceTree = "<group>"; };
		8607E969234F586C006B9D57 /* Bean-Flap-BlackLine.png */ = {isa = PBXFileReference; lastKnownFileType = image.png; path = "Bean-Flap-BlackLine.png"; sourceTree = "<group>"; };
		8609D6A3235DE2AE00D87A86 /* BFSmallFilmViewModel.h */ = {isa = PBXFileReference; lastKnownFileType = sourcecode.c.h; path = BFSmallFilmViewModel.h; sourceTree = "<group>"; };
		8609D6A4235DE2AE00D87A86 /* BFSmallFilmViewModel.m */ = {isa = PBXFileReference; lastKnownFileType = sourcecode.c.objc; path = BFSmallFilmViewModel.m; sourceTree = "<group>"; };
		8609D6A6235DE3EC00D87A86 /* BeanFlapMore.png */ = {isa = PBXFileReference; lastKnownFileType = image.png; path = BeanFlapMore.png; sourceTree = "<group>"; };
		8609D6A8235DE72B00D87A86 /* BeanFlapWhiteBack.png */ = {isa = PBXFileReference; lastKnownFileType = image.png; path = BeanFlapWhiteBack.png; sourceTree = "<group>"; };
		860A963F23572FB700585F60 /* BeanFlapFilmBack.png */ = {isa = PBXFileReference; lastKnownFileType = image.png; path = BeanFlapFilmBack.png; sourceTree = "<group>"; };
		860A96412357330C00585F60 /* BeanFlapFilmFrame.png */ = {isa = PBXFileReference; lastKnownFileType = image.png; path = BeanFlapFilmFrame.png; sourceTree = "<group>"; };
		860A9643235733F400585F60 /* BFFilmListTableViewCell.h */ = {isa = PBXFileReference; lastKnownFileType = sourcecode.c.h; path = BFFilmListTableViewCell.h; sourceTree = "<group>"; };
		860A9644235733F400585F60 /* BFFilmListTableViewCell.m */ = {isa = PBXFileReference; lastKnownFileType = sourcecode.c.objc; path = BFFilmListTableViewCell.m; sourceTree = "<group>"; };
		860CE17E235884DD00E51229 /* BFFilmInformationView.h */ = {isa = PBXFileReference; lastKnownFileType = sourcecode.c.h; path = BFFilmInformationView.h; sourceTree = "<group>"; };
		860CE17F235884DD00E51229 /* BFFilmInformationView.m */ = {isa = PBXFileReference; lastKnownFileType = sourcecode.c.objc; path = BFFilmInformationView.m; sourceTree = "<group>"; };
		860CE181235884F600E51229 /* BFFilmInformationModel.h */ = {isa = PBXFileReference; lastKnownFileType = sourcecode.c.h; path = BFFilmInformationModel.h; sourceTree = "<group>"; };
		860CE182235884F600E51229 /* BFFilmInformationModel.m */ = {isa = PBXFileReference; lastKnownFileType = sourcecode.c.objc; path = BFFilmInformationModel.m; sourceTree = "<group>"; };
		860CE1842358851600E51229 /* BFFilmInformationViewController.h */ = {isa = PBXFileReference; lastKnownFileType = sourcecode.c.h; path = BFFilmInformationViewController.h; sourceTree = "<group>"; };
		860CE1852358851600E51229 /* BFFilmInformationViewController.m */ = {isa = PBXFileReference; lastKnownFileType = sourcecode.c.objc; path = BFFilmInformationViewController.m; sourceTree = "<group>"; };
		860CE18723588E6C00E51229 /* BFSmallFilmViewController.h */ = {isa = PBXFileReference; lastKnownFileType = sourcecode.c.h; path = BFSmallFilmViewController.h; sourceTree = "<group>"; };
		860CE18823588E6C00E51229 /* BFSmallFilmViewController.m */ = {isa = PBXFileReference; lastKnownFileType = sourcecode.c.objc; path = BFSmallFilmViewController.m; sourceTree = "<group>"; };
		860CE18A235890B800E51229 /* BFSmallFilmView.h */ = {isa = PBXFileReference; lastKnownFileType = sourcecode.c.h; path = BFSmallFilmView.h; sourceTree = "<group>"; };
		860CE18B235890B800E51229 /* BFSmallFilmView.m */ = {isa = PBXFileReference; lastKnownFileType = sourcecode.c.objc; path = BFSmallFilmView.m; sourceTree = "<group>"; };
		86103449235344AE0070382E /* BFMainViewButtonTableViewCell.h */ = {isa = PBXFileReference; lastKnownFileType = sourcecode.c.h; path = BFMainViewButtonTableViewCell.h; sourceTree = "<group>"; };
		8610344A235344AE0070382E /* BFMainViewButtonTableViewCell.m */ = {isa = PBXFileReference; lastKnownFileType = sourcecode.c.objc; path = BFMainViewButtonTableViewCell.m; sourceTree = "<group>"; };
		86113AC8236426430042A9B8 /* BFMainHeadView.h */ = {isa = PBXFileReference; lastKnownFileType = sourcecode.c.h; path = BFMainHeadView.h; sourceTree = "<group>"; };
		86113AC9236426430042A9B8 /* BFMainHeadView.m */ = {isa = PBXFileReference; lastKnownFileType = sourcecode.c.objc; path = BFMainHeadView.m; sourceTree = "<group>"; };
		861150A8234DEF8E0029BEAE /* Bean Flap.app */ = {isa = PBXFileReference; explicitFileType = wrapper.application; includeInIndex = 0; path = "Bean Flap.app"; sourceTree = BUILT_PRODUCTS_DIR; };
		861150AB234DEF8E0029BEAE /* AppDelegate.h */ = {isa = PBXFileReference; lastKnownFileType = sourcecode.c.h; path = AppDelegate.h; sourceTree = "<group>"; };
		861150AC234DEF8E0029BEAE /* AppDelegate.m */ = {isa = PBXFileReference; lastKnownFileType = sourcecode.c.objc; path = AppDelegate.m; sourceTree = "<group>"; };
		861150AE234DEF8E0029BEAE /* ViewController.h */ = {isa = PBXFileReference; lastKnownFileType = sourcecode.c.h; path = ViewController.h; sourceTree = "<group>"; };
		861150AF234DEF8E0029BEAE /* ViewController.m */ = {isa = PBXFileReference; lastKnownFileType = sourcecode.c.objc; path = ViewController.m; sourceTree = "<group>"; };
		861150B2234DEF8E0029BEAE /* Base */ = {isa = PBXFileReference; lastKnownFileType = file.storyboard; name = Base; path = Base.lproj/Main.storyboard; sourceTree = "<group>"; };
		861150B4234DEF950029BEAE /* Assets.xcassets */ = {isa = PBXFileReference; lastKnownFileType = folder.assetcatalog; path = Assets.xcassets; sourceTree = "<group>"; };
		861150B7234DEF950029BEAE /* Base */ = {isa = PBXFileReference; lastKnownFileType = file.storyboard; name = Base; path = Base.lproj/LaunchScreen.storyboard; sourceTree = "<group>"; };
		861150B9234DEF950029BEAE /* Info.plist */ = {isa = PBXFileReference; lastKnownFileType = text.plist.xml; path = Info.plist; sourceTree = "<group>"; };
		861150BA234DEF950029BEAE /* main.m */ = {isa = PBXFileReference; lastKnownFileType = sourcecode.c.objc; path = main.m; sourceTree = "<group>"; };
		861150D2234E25140029BEAE /* Bean-Flap-Shopun.png */ = {isa = PBXFileReference; lastKnownFileType = image.png; path = "Bean-Flap-Shopun.png"; sourceTree = "<group>"; };
		861150D3234E25140029BEAE /* Bean-Flap-I.png */ = {isa = PBXFileReference; lastKnownFileType = image.png; path = "Bean-Flap-I.png"; sourceTree = "<group>"; };
		861150D4234E25140029BEAE /* Bean-Flap-Group.png */ = {isa = PBXFileReference; lastKnownFileType = image.png; path = "Bean-Flap-Group.png"; sourceTree = "<group>"; };
		861150D5234E25140029BEAE /* Bean-Flap-Book.png */ = {isa = PBXFileReference; lastKnownFileType = image.png; path = "Bean-Flap-Book.png"; sourceTree = "<group>"; };
		861150D6234E25140029BEAE /* Bean-Flap-Iun.png */ = {isa = PBXFileReference; lastKnownFileType = image.png; path = "Bean-Flap-Iun.png"; sourceTree = "<group>"; };
		861150D7234E25140029BEAE /* Bean-Flap-Shop.png */ = {isa = PBXFileReference; lastKnownFileType = image.png; path = "Bean-Flap-Shop.png"; sourceTree = "<group>"; };
		861150D8234E25140029BEAE /* Bean-Flap-Bookun.png */ = {isa = PBXFileReference; lastKnownFileType = image.png; path = "Bean-Flap-Bookun.png"; sourceTree = "<group>"; };
		861150D9234E25140029BEAE /* Bean-Flap-Home.png */ = {isa = PBXFileReference; lastKnownFileType = image.png; path = "Bean-Flap-Home.png"; sourceTree = "<group>"; };
		861150DA234E25140029BEAE /* Bean-Flap-Groupun.png */ = {isa = PBXFileReference; lastKnownFileType = image.png; path = "Bean-Flap-Groupun.png"; sourceTree = "<group>"; };
		861150DB234E25140029BEAE /* Bean-Flap-Homeun.png */ = {isa = PBXFileReference; lastKnownFileType = image.png; path = "Bean-Flap-Homeun.png"; sourceTree = "<group>"; };
		861150E9234E27AE0029BEAE /* BeanFlapMainViewController.h */ = {isa = PBXFileReference; lastKnownFileType = sourcecode.c.h; path = BeanFlapMainViewController.h; sourceTree = "<group>"; };
		861150EA234E27AE0029BEAE /* BeanFlapMainViewController.m */ = {isa = PBXFileReference; lastKnownFileType = sourcecode.c.objc; path = BeanFlapMainViewController.m; sourceTree = "<group>"; };
		86128274236DAF8400023821 /* BFNowHeadView.h */ = {isa = PBXFileReference; lastKnownFileType = sourcecode.c.h; path = BFNowHeadView.h; sourceTree = "<group>"; };
		86128275236DAF8400023821 /* BFNowHeadView.m */ = {isa = PBXFileReference; lastKnownFileType = sourcecode.c.objc; path = BFNowHeadView.m; sourceTree = "<group>"; };
		86133AAB2351EF7800705ECF /* BeanFlapMainView.h */ = {isa = PBXFileReference; lastKnownFileType = sourcecode.c.h; path = BeanFlapMainView.h; sourceTree = "<group>"; };
		86133AAC2351EF7800705ECF /* BeanFlapMainView.m */ = {isa = PBXFileReference; lastKnownFileType = sourcecode.c.objc; path = BeanFlapMainView.m; sourceTree = "<group>"; };
		86133AB42351FCC700705ECF /* Bean-Flap-Logo.png */ = {isa = PBXFileReference; lastKnownFileType = image.png; path = "Bean-Flap-Logo.png"; sourceTree = "<group>"; };
		86133AB92352157900705ECF /* Bean-Flap-Arrow-Right.png */ = {isa = PBXFileReference; lastKnownFileType = image.png; path = "Bean-Flap-Arrow-Right.png"; sourceTree = "<group>"; };
		86133ABB2352168900705ECF /* BeanFlapFilmListView.h */ = {isa = PBXFileReference; lastKnownFileType = sourcecode.c.h; path = BeanFlapFilmListView.h; sourceTree = "<group>"; };
		86133ABC2352168900705ECF /* BeanFlapFilmListView.m */ = {isa = PBXFileReference; lastKnownFileType = sourcecode.c.objc; path = BeanFlapFilmListView.m; sourceTree = "<group>"; };
		86133ABE235216A600705ECF /* BeanFlapFilmListModel.h */ = {isa = PBXFileReference; lastKnownFileType = sourcecode.c.h; path = BeanFlapFilmListModel.h; sourceTree = "<group>"; };
		86133ABF235216A600705ECF /* BeanFlapFilmListModel.m */ = {isa = PBXFileReference; lastKnownFileType = sourcecode.c.objc; path = BeanFlapFilmListModel.m; sourceTree = "<group>"; };
		86133AC1235216C600705ECF /* BeanFlapFilmListViewController.h */ = {isa = PBXFileReference; lastKnownFileType = sourcecode.c.h; path = BeanFlapFilmListViewController.h; sourceTree = "<group>"; };
		86133AC2235216C600705ECF /* BeanFlapFilmListViewController.m */ = {isa = PBXFileReference; lastKnownFileType = sourcecode.c.objc; path = BeanFlapFilmListViewController.m; sourceTree = "<group>"; };
		86163946235B5F6300DED4A2 /* BeanFlapFilmUnPick.png */ = {isa = PBXFileReference; lastKnownFileType = image.png; path = BeanFlapFilmUnPick.png; sourceTree = "<group>"; };
		86163948235B609800DED4A2 /* BeanFlapFilmPick.png */ = {isa = PBXFileReference; lastKnownFileType = image.png; path = BeanFlapFilmPick.png; sourceTree = "<group>"; };
		861A54FE2361BED000370DE9 /* BeanFlapMainViewModel.h */ = {isa = PBXFileReference; lastKnownFileType = sourcecode.c.h; path = BeanFlapMainViewModel.h; sourceTree = "<group>"; };
		861A54FF2361BED000370DE9 /* BeanFlapMainViewModel.m */ = {isa = PBXFileReference; lastKnownFileType = sourcecode.c.objc; path = BeanFlapMainViewModel.m; sourceTree = "<group>"; };
		861A55012361BF0600370DE9 /* BeanFlapMainViewManger.h */ = {isa = PBXFileReference; lastKnownFileType = sourcecode.c.h; path = BeanFlapMainViewManger.h; sourceTree = "<group>"; };
		861A55022361BF0600370DE9 /* BeanFlapMainViewManger.m */ = {isa = PBXFileReference; lastKnownFileType = sourcecode.c.objc; path = BeanFlapMainViewManger.m; sourceTree = "<group>"; };
		861B1BEA2369D5420078A48E /* BFWillHeadViewModel.h */ = {isa = PBXFileReference; lastKnownFileType = sourcecode.c.h; path = BFWillHeadViewModel.h; sourceTree = "<group>"; };
		861B1BEB2369D5420078A48E /* BFWillHeadViewModel.m */ = {isa = PBXFileReference; lastKnownFileType = sourcecode.c.objc; path = BFWillHeadViewModel.m; sourceTree = "<group>"; };
		8664C56C235C98FB006069AB /* BeanFlapStarPart.png */ = {isa = PBXFileReference; lastKnownFileType = image.png; path = BeanFlapStarPart.png; sourceTree = "<group>"; };
		8664C56D235C98FB006069AB /* BeanFlapStarLight.png */ = {isa = PBXFileReference; lastKnownFileType = image.png; path = BeanFlapStarLight.png; sourceTree = "<group>"; };
		8664C56E235C98FB006069AB /* BeanFlapStarUnlight.png */ = {isa = PBXFileReference; lastKnownFileType = image.png; path = BeanFlapStarUnlight.png; sourceTree = "<group>"; };
		86FD4F8B2365C75100AA865A /* BFWillHeadView.h */ = {isa = PBXFileReference; lastKnownFileType = sourcecode.c.h; path = BFWillHeadView.h; sourceTree = "<group>"; };
		86FD4F8C2365C75100AA865A /* BFWillHeadView.m */ = {isa = PBXFileReference; lastKnownFileType = sourcecode.c.objc; path = BFWillHeadView.m; sourceTree = "<group>"; };
		86FD4F902365D03700AA865A /* BeanFlapNilImageView.jpg */ = {isa = PBXFileReference; lastKnownFileType = image.jpeg; path = BeanFlapNilImageView.jpg; sourceTree = "<group>"; };
		F4986A3BCE62358EBEDEB437 /* libPods-Bean Flap.a */ = {isa = PBXFileReference; explicitFileType = archive.ar; includeInIndex = 0; path = "libPods-Bean Flap.a"; sourceTree = BUILT_PRODUCTS_DIR; };
		FD160EFA38ACEB76CB9B8538 /* Pods-Bean Flap.debug.xcconfig */ = {isa = PBXFileReference; includeInIndex = 1; lastKnownFileType = text.xcconfig; name = "Pods-Bean Flap.debug.xcconfig"; path = "Target Support Files/Pods-Bean Flap/Pods-Bean Flap.debug.xcconfig"; sourceTree = "<group>"; };
/* End PBXFileReference section */

/* Begin PBXFrameworksBuildPhase section */
		861150A5234DEF8E0029BEAE /* Frameworks */ = {
			isa = PBXFrameworksBuildPhase;
			buildActionMask = 2147483647;
			files = (
				1AA9F6EF475AE038E1274435 /* libPods-Bean Flap.a in Frameworks */,
			);
			runOnlyForDeploymentPostprocessing = 0;
		};
/* End PBXFrameworksBuildPhase section */

/* Begin PBXGroup section */
		860CE17D2358846600E51229 /* BeanFlapFilmInformation */ = {
			isa = PBXGroup;
			children = (
				860CE181235884F600E51229 /* BFFilmInformationModel.h */,
				860CE182235884F600E51229 /* BFFilmInformationModel.m */,
				860CE17E235884DD00E51229 /* BFFilmInformationView.h */,
				860CE17F235884DD00E51229 /* BFFilmInformationView.m */,
				860CE1842358851600E51229 /* BFFilmInformationViewController.h */,
				860CE1852358851600E51229 /* BFFilmInformationViewController.m */,
			);
			path = BeanFlapFilmInformation;
			sourceTree = "<group>";
		};
		8610991D2350AF78000E9903 /* BeanFlapMainView */ = {
			isa = PBXGroup;
			children = (
				86113ACE23649FF00042A9B8 /* Controller */,
				86113ACD23649FDC0042A9B8 /* Model */,
				86113ACB23649FBE0042A9B8 /* View */,
			);
			path = BeanFlapMainView;
			sourceTree = "<group>";
		};
		86113ACB23649FBE0042A9B8 /* View */ = {
			isa = PBXGroup;
			children = (
				86103449235344AE0070382E /* BFMainViewButtonTableViewCell.h */,
				8610344A235344AE0070382E /* BFMainViewButtonTableViewCell.m */,
				86133AAB2351EF7800705ECF /* BeanFlapMainView.h */,
				86133AAC2351EF7800705ECF /* BeanFlapMainView.m */,
				86113AC8236426430042A9B8 /* BFMainHeadView.h */,
				86113AC9236426430042A9B8 /* BFMainHeadView.m */,
				86128274236DAF8400023821 /* BFNowHeadView.h */,
				86128275236DAF8400023821 /* BFNowHeadView.m */,
				86FD4F8B2365C75100AA865A /* BFWillHeadView.h */,
				86FD4F8C2365C75100AA865A /* BFWillHeadView.m */,
			);
			path = View;
			sourceTree = "<group>";
		};
		86113ACD23649FDC0042A9B8 /* Model */ = {
			isa = PBXGroup;
			children = (
				861A54FE2361BED000370DE9 /* BeanFlapMainViewModel.h */,
				861A54FF2361BED000370DE9 /* BeanFlapMainViewModel.m */,
				861B1BEA2369D5420078A48E /* BFWillHeadViewModel.h */,
				861B1BEB2369D5420078A48E /* BFWillHeadViewModel.m */,
			);
			path = Model;
			sourceTree = "<group>";
		};
		86113ACE23649FF00042A9B8 /* Controller */ = {
			isa = PBXGroup;
			children = (
				861150E9234E27AE0029BEAE /* BeanFlapMainViewController.h */,
				861150EA234E27AE0029BEAE /* BeanFlapMainViewController.m */,
			);
			path = Controller;
			sourceTree = "<group>";
		};
		86113ACF2364A0010042A9B8 /* Manager */ = {
			isa = PBXGroup;
			children = (
				861A55012361BF0600370DE9 /* BeanFlapMainViewManger.h */,
				861A55022361BF0600370DE9 /* BeanFlapMainViewManger.m */,
			);
			path = Manager;
			sourceTree = "<group>";
		};
		8611509F234DEF8E0029BEAE = {
			isa = PBXGroup;
			children = (
				861150AA234DEF8E0029BEAE /* Bean Flap */,
				861150A9234DEF8E0029BEAE /* Products */,
				E0FB15FF187AE1F4DEA913B6 /* Pods */,
				C7A15C655D4DBC555E3A9559 /* Frameworks */,
			);
			sourceTree = "<group>";
		};
		861150A9234DEF8E0029BEAE /* Products */ = {
			isa = PBXGroup;
			children = (
				861150A8234DEF8E0029BEAE /* Bean Flap.app */,
			);
			name = Products;
			sourceTree = "<group>";
		};
		861150AA234DEF8E0029BEAE /* Bean Flap */ = {
			isa = PBXGroup;
			children = (
				861150D1234E24710029BEAE /* BeanFlapImages */,
				861150C1234DF4650029BEAE /* BeanFlapFiveViewControllers */,
				861150B1234DEF8E0029BEAE /* Main.storyboard */,
				861150B4234DEF950029BEAE /* Assets.xcassets */,
				861150B6234DEF950029BEAE /* LaunchScreen.storyboard */,
				861150B9234DEF950029BEAE /* Info.plist */,
				861150BA234DEF950029BEAE /* main.m */,
			);
			path = "Bean Flap";
			sourceTree = "<group>";
		};
		861150C1234DF4650029BEAE /* BeanFlapFiveViewControllers */ = {
			isa = PBXGroup;
			children = (
				86113ACF2364A0010042A9B8 /* Manager */,
				861A54FB2361BC8A00370DE9 /* Main */,
				8610991D2350AF78000E9903 /* BeanFlapMainView */,
				861A54FD2361BD2F00370DE9 /* BFSmallFilm */,
				86133AB82352142800705ECF /* BeanFlapFilmList */,
			);
			path = BeanFlapFiveViewControllers;
			sourceTree = "<group>";
		};
		861150D1234E24710029BEAE /* BeanFlapImages */ = {
			isa = PBXGroup;
			children = (
				861150DB234E25140029BEAE /* Bean-Flap-Homeun.png */,
				861150D9234E25140029BEAE /* Bean-Flap-Home.png */,
				861150D4234E25140029BEAE /* Bean-Flap-Group.png */,
				861150DA234E25140029BEAE /* Bean-Flap-Groupun.png */,
				861150D3234E25140029BEAE /* Bean-Flap-I.png */,
				861150D6234E25140029BEAE /* Bean-Flap-Iun.png */,
				861150D7234E25140029BEAE /* Bean-Flap-Shop.png */,
				861150D2234E25140029BEAE /* Bean-Flap-Shopun.png */,
				861150D8234E25140029BEAE /* Bean-Flap-Bookun.png */,
				861150D5234E25140029BEAE /* Bean-Flap-Book.png */,
				8607E95E234F4B69006B9D57 /* Bean-Flap-Scan.png */,
				8607E960234F4C67006B9D57 /* Bean-Flap-Search.png */,
				8607E962234F4C6B006B9D57 /* Bean-Flap-Message.png */,
				86FD4F902365D03700AA865A /* BeanFlapNilImageView.jpg */,
				8607E967234F5816006B9D57 /* Bean-Flap-Line.png */,
				8607E969234F586C006B9D57 /* Bean-Flap-BlackLine.png */,
				86133AB42351FCC700705ECF /* Bean-Flap-Logo.png */,
				86133AB92352157900705ECF /* Bean-Flap-Arrow-Right.png */,
				860A96412357330C00585F60 /* BeanFlapFilmFrame.png */,
				860A963F23572FB700585F60 /* BeanFlapFilmBack.png */,
				86163948235B609800DED4A2 /* BeanFlapFilmPick.png */,
				86163946235B5F6300DED4A2 /* BeanFlapFilmUnPick.png */,
				8664C56D235C98FB006069AB /* BeanFlapStarLight.png */,
				8664C56C235C98FB006069AB /* BeanFlapStarPart.png */,
				8664C56E235C98FB006069AB /* BeanFlapStarUnlight.png */,
				8609D6A6235DE3EC00D87A86 /* BeanFlapMore.png */,
				8609D6A8235DE72B00D87A86 /* BeanFlapWhiteBack.png */,
			);
			path = BeanFlapImages;
			sourceTree = "<group>";
		};
		86133AB82352142800705ECF /* BeanFlapFilmList */ = {
			isa = PBXGroup;
			children = (
				86133ABE235216A600705ECF /* BeanFlapFilmListModel.h */,
				86133ABF235216A600705ECF /* BeanFlapFilmListModel.m */,
				86133ABB2352168900705ECF /* BeanFlapFilmListView.h */,
				86133ABC2352168900705ECF /* BeanFlapFilmListView.m */,
				86133AC1235216C600705ECF /* BeanFlapFilmListViewController.h */,
				86133AC2235216C600705ECF /* BeanFlapFilmListViewController.m */,
				860A9643235733F400585F60 /* BFFilmListTableViewCell.h */,
				860A9644235733F400585F60 /* BFFilmListTableViewCell.m */,
				860CE17D2358846600E51229 /* BeanFlapFilmInformation */,
			);
			path = BeanFlapFilmList;
			sourceTree = "<group>";
		};
		861A54FB2361BC8A00370DE9 /* Main */ = {
			isa = PBXGroup;
			children = (
				861150AB234DEF8E0029BEAE /* AppDelegate.h */,
				861150AC234DEF8E0029BEAE /* AppDelegate.m */,
				861150AE234DEF8E0029BEAE /* ViewController.h */,
				861150AF234DEF8E0029BEAE /* ViewController.m */,
				8607E964234F4D21006B9D57 /* BeanFlapEmptyViewController.h */,
				8607E965234F4D21006B9D57 /* BeanFlapEmptyViewController.m */,
			);
			path = Main;
			sourceTree = "<group>";
		};
		861A54FD2361BD2F00370DE9 /* BFSmallFilm */ = {
			isa = PBXGroup;
			children = (
				8609D6A3235DE2AE00D87A86 /* BFSmallFilmViewModel.h */,
				8609D6A4235DE2AE00D87A86 /* BFSmallFilmViewModel.m */,
				860CE18A235890B800E51229 /* BFSmallFilmView.h */,
				860CE18B235890B800E51229 /* BFSmallFilmView.m */,
				860CE18723588E6C00E51229 /* BFSmallFilmViewController.h */,
				860CE18823588E6C00E51229 /* BFSmallFilmViewController.m */,
			);
			path = BFSmallFilm;
			sourceTree = "<group>";
		};
		C7A15C655D4DBC555E3A9559 /* Frameworks */ = {
			isa = PBXGroup;
			children = (
				F4986A3BCE62358EBEDEB437 /* libPods-Bean Flap.a */,
			);
			name = Frameworks;
			sourceTree = "<group>";
		};
		E0FB15FF187AE1F4DEA913B6 /* Pods */ = {
			isa = PBXGroup;
			children = (
				FD160EFA38ACEB76CB9B8538 /* Pods-Bean Flap.debug.xcconfig */,
				4BFEDFE8FFDD940FBD1EB6C6 /* Pods-Bean Flap.release.xcconfig */,
			);
			path = Pods;
			sourceTree = "<group>";
		};
/* End PBXGroup section */

/* Begin PBXNativeTarget section */
		861150A7234DEF8E0029BEAE /* Bean Flap */ = {
			isa = PBXNativeTarget;
			buildConfigurationList = 861150BE234DEF950029BEAE /* Build configuration list for PBXNativeTarget "Bean Flap" */;
			buildPhases = (
				D9F1C3C7B942964E9D6F8F1D /* [CP] Check Pods Manifest.lock */,
				861150A4234DEF8E0029BEAE /* Sources */,
				861150A5234DEF8E0029BEAE /* Frameworks */,
				861150A6234DEF8E0029BEAE /* Resources */,
			);
			buildRules = (
			);
			dependencies = (
			);
			name = "Bean Flap";
			productName = "Bean Flap";
			productReference = 861150A8234DEF8E0029BEAE /* Bean Flap.app */;
			productType = "com.apple.product-type.application";
		};
/* End PBXNativeTarget section */

/* Begin PBXProject section */
		861150A0234DEF8E0029BEAE /* Project object */ = {
			isa = PBXProject;
			attributes = {
				LastUpgradeCheck = 1020;
				ORGANIZATIONNAME = cinderella;
				TargetAttributes = {
					861150A7234DEF8E0029BEAE = {
						CreatedOnToolsVersion = 10.2.1;
					};
				};
			};
			buildConfigurationList = 861150A3234DEF8E0029BEAE /* Build configuration list for PBXProject "Bean Flap" */;
			compatibilityVersion = "Xcode 9.3";
			developmentRegion = en;
			hasScannedForEncodings = 0;
			knownRegions = (
				en,
				Base,
			);
			mainGroup = 8611509F234DEF8E0029BEAE;
			productRefGroup = 861150A9234DEF8E0029BEAE /* Products */;
			projectDirPath = "";
			projectRoot = "";
			targets = (
				861150A7234DEF8E0029BEAE /* Bean Flap */,
			);
		};
/* End PBXProject section */

/* Begin PBXResourcesBuildPhase section */
		861150A6234DEF8E0029BEAE /* Resources */ = {
			isa = PBXResourcesBuildPhase;
			buildActionMask = 2147483647;
			files = (
				861150B8234DEF950029BEAE /* LaunchScreen.storyboard in Resources */,
				861150B5234DEF950029BEAE /* Assets.xcassets in Resources */,
				8607E961234F4C67006B9D57 /* Bean-Flap-Search.png in Resources */,
				8609D6A7235DE3EC00D87A86 /* BeanFlapMore.png in Resources */,
				860A964023572FB700585F60 /* BeanFlapFilmBack.png in Resources */,
				86163949235B609800DED4A2 /* BeanFlapFilmPick.png in Resources */,
				8664C570235C98FB006069AB /* BeanFlapStarLight.png in Resources */,
				861150E5234E25140029BEAE /* Bean-Flap-Homeun.png in Resources */,
				861150E0234E25140029BEAE /* Bean-Flap-Iun.png in Resources */,
				8607E95F234F4B69006B9D57 /* Bean-Flap-Scan.png in Resources */,
				8664C571235C98FB006069AB /* BeanFlapStarUnlight.png in Resources */,
				86133ABA2352157900705ECF /* Bean-Flap-Arrow-Right.png in Resources */,
				861150DC234E25140029BEAE /* Bean-Flap-Shopun.png in Resources */,
				861150E4234E25140029BEAE /* Bean-Flap-Groupun.png in Resources */,
				8664C56F235C98FB006069AB /* BeanFlapStarPart.png in Resources */,
				86133AB52351FCC700705ECF /* Bean-Flap-Logo.png in Resources */,
				8607E96A234F586C006B9D57 /* Bean-Flap-BlackLine.png in Resources */,
				861150B3234DEF8E0029BEAE /* Main.storyboard in Resources */,
				861150E1234E25140029BEAE /* Bean-Flap-Shop.png in Resources */,
				861150DF234E25140029BEAE /* Bean-Flap-Book.png in Resources */,
				8607E963234F4C6B006B9D57 /* Bean-Flap-Message.png in Resources */,
				861150DE234E25140029BEAE /* Bean-Flap-Group.png in Resources */,
				8607E968234F5816006B9D57 /* Bean-Flap-Line.png in Resources */,
				861150DD234E25140029BEAE /* Bean-Flap-I.png in Resources */,
				86163947235B5F6300DED4A2 /* BeanFlapFilmUnPick.png in Resources */,
				86FD4F912365D03700AA865A /* BeanFlapNilImageView.jpg in Resources */,
				861150E3234E25140029BEAE /* Bean-Flap-Home.png in Resources */,
				8609D6A9235DE72B00D87A86 /* BeanFlapWhiteBack.png in Resources */,
				860A96422357330C00585F60 /* BeanFlapFilmFrame.png in Resources */,
				861150E2234E25140029BEAE /* Bean-Flap-Bookun.png in Resources */,
			);
			runOnlyForDeploymentPostprocessing = 0;
		};
/* End PBXResourcesBuildPhase section */

/* Begin PBXShellScriptBuildPhase section */
		D9F1C3C7B942964E9D6F8F1D /* [CP] Check Pods Manifest.lock */ = {
			isa = PBXShellScriptBuildPhase;
			buildActionMask = 2147483647;
			files = (
			);
			inputFileListPaths = (
			);
			inputPaths = (
				"${PODS_PODFILE_DIR_PATH}/Podfile.lock",
				"${PODS_ROOT}/Manifest.lock",
			);
			name = "[CP] Check Pods Manifest.lock";
			outputFileListPaths = (
			);
			outputPaths = (
				"$(DERIVED_FILE_DIR)/Pods-Bean Flap-checkManifestLockResult.txt",
			);
			runOnlyForDeploymentPostprocessing = 0;
			shellPath = /bin/sh;
			shellScript = "diff \"${PODS_PODFILE_DIR_PATH}/Podfile.lock\" \"${PODS_ROOT}/Manifest.lock\" > /dev/null\nif [ $? != 0 ] ; then\n    # print error to STDERR\n    echo \"error: The sandbox is not in sync with the Podfile.lock. Run 'pod install' or update your CocoaPods installation.\" >&2\n    exit 1\nfi\n# This output is used by Xcode 'outputs' to avoid re-running this script phase.\necho \"SUCCESS\" > \"${SCRIPT_OUTPUT_FILE_0}\"\n";
			showEnvVarsInLog = 0;
		};
/* End PBXShellScriptBuildPhase section */

/* Begin PBXSourcesBuildPhase section */
		861150A4234DEF8E0029BEAE /* Sources */ = {
			isa = PBXSourcesBuildPhase;
			buildActionMask = 2147483647;
			files = (
				86133AAD2351EF7800705ECF /* BeanFlapMainView.m in Sources */,
				860CE180235884DD00E51229 /* BFFilmInformationView.m in Sources */,
				86133AC0235216A600705ECF /* BeanFlapFilmListModel.m in Sources */,
				86128276236DAF8400023821 /* BFNowHeadView.m in Sources */,
				860CE1862358851600E51229 /* BFFilmInformationViewController.m in Sources */,
				861B1BEC2369D5420078A48E /* BFWillHeadViewModel.m in Sources */,
				86133AC3235216C600705ECF /* BeanFlapFilmListViewController.m in Sources */,
				86113ACA236426430042A9B8 /* BFMainHeadView.m in Sources */,
				86133ABD2352168900705ECF /* BeanFlapFilmListView.m in Sources */,
				8609D6A5235DE2AE00D87A86 /* BFSmallFilmViewModel.m in Sources */,
				861150EB234E27AE0029BEAE /* BeanFlapMainViewController.m in Sources */,
				86FD4F8D2365C75100AA865A /* BFWillHeadView.m in Sources */,
				861150B0234DEF8E0029BEAE /* ViewController.m in Sources */,
				861150BB234DEF950029BEAE /* main.m in Sources */,
				8610344B235344AE0070382E /* BFMainViewButtonTableViewCell.m in Sources */,
				860A9645235733F400585F60 /* BFFilmListTableViewCell.m in Sources */,
				860CE183235884F600E51229 /* BFFilmInformationModel.m in Sources */,
				860CE18C235890B800E51229 /* BFSmallFilmView.m in Sources */,
				861A55002361BED000370DE9 /* BeanFlapMainViewModel.m in Sources */,
				861A55032361BF0600370DE9 /* BeanFlapMainViewManger.m in Sources */,
				8607E966234F4D21006B9D57 /* BeanFlapEmptyViewController.m in Sources */,
				861150AD234DEF8E0029BEAE /* AppDelegate.m in Sources */,
				860CE18923588E6C00E51229 /* BFSmallFilmViewController.m in Sources */,
			);
			runOnlyForDeploymentPostprocessing = 0;
		};
/* End PBXSourcesBuildPhase section */

/* Begin PBXVariantGroup section */
		861150B1234DEF8E0029BEAE /* Main.storyboard */ = {
			isa = PBXVariantGroup;
			children = (
				861150B2234DEF8E0029BEAE /* Base */,
			);
			name = Main.storyboard;
			sourceTree = "<group>";
		};
		861150B6234DEF950029BEAE /* LaunchScreen.storyboard */ = {
			isa = PBXVariantGroup;
			children = (
				861150B7234DEF950029BEAE /* Base */,
			);
			name = LaunchScreen.storyboard;
			sourceTree = "<group>";
		};
/* End PBXVariantGroup section */

/* Begin XCBuildConfiguration section */
		861150BC234DEF950029BEAE /* Debug */ = {
			isa = XCBuildConfiguration;
			buildSettings = {
				ALWAYS_SEARCH_USER_PATHS = NO;
				CLANG_ANALYZER_NONNULL = YES;
				CLANG_ANALYZER_NUMBER_OBJECT_CONVERSION = YES_AGGRESSIVE;
				CLANG_CXX_LANGUAGE_STANDARD = "gnu++14";
				CLANG_CXX_LIBRARY = "libc++";
				CLANG_ENABLE_MODULES = YES;
				CLANG_ENABLE_OBJC_ARC = YES;
				CLANG_ENABLE_OBJC_WEAK = YES;
				CLANG_WARN_BLOCK_CAPTURE_AUTORELEASING = YES;
				CLANG_WARN_BOOL_CONVERSION = YES;
				CLANG_WARN_COMMA = YES;
				CLANG_WARN_CONSTANT_CONVERSION = YES;
				CLANG_WARN_DEPRECATED_OBJC_IMPLEMENTATIONS = YES;
				CLANG_WARN_DIRECT_OBJC_ISA_USAGE = YES_ERROR;
				CLANG_WARN_DOCUMENTATION_COMMENTS = YES;
				CLANG_WARN_EMPTY_BODY = YES;
				CLANG_WARN_ENUM_CONVERSION = YES;
				CLANG_WARN_INFINITE_RECURSION = YES;
				CLANG_WARN_INT_CONVERSION = YES;
				CLANG_WARN_NON_LITERAL_NULL_CONVERSION = YES;
				CLANG_WARN_OBJC_IMPLICIT_RETAIN_SELF = YES;
				CLANG_WARN_OBJC_LITERAL_CONVERSION = YES;
				CLANG_WARN_OBJC_ROOT_CLASS = YES_ERROR;
				CLANG_WARN_RANGE_LOOP_ANALYSIS = YES;
				CLANG_WARN_STRICT_PROTOTYPES = YES;
				CLANG_WARN_SUSPICIOUS_MOVE = YES;
				CLANG_WARN_UNGUARDED_AVAILABILITY = YES_AGGRESSIVE;
				CLANG_WARN_UNREACHABLE_CODE = YES;
				CLANG_WARN__DUPLICATE_METHOD_MATCH = YES;
				CODE_SIGN_IDENTITY = "iPhone Developer";
				COPY_PHASE_STRIP = NO;
				DEBUG_INFORMATION_FORMAT = dwarf;
				ENABLE_STRICT_OBJC_MSGSEND = YES;
				ENABLE_TESTABILITY = YES;
				GCC_C_LANGUAGE_STANDARD = gnu11;
				GCC_DYNAMIC_NO_PIC = NO;
				GCC_NO_COMMON_BLOCKS = YES;
				GCC_OPTIMIZATION_LEVEL = 0;
				GCC_PREPROCESSOR_DEFINITIONS = (
					"DEBUG=1",
					"$(inherited)",
				);
				GCC_WARN_64_TO_32_BIT_CONVERSION = YES;
				GCC_WARN_ABOUT_RETURN_TYPE = YES_ERROR;
				GCC_WARN_UNDECLARED_SELECTOR = YES;
				GCC_WARN_UNINITIALIZED_AUTOS = YES_AGGRESSIVE;
				GCC_WARN_UNUSED_FUNCTION = YES;
				GCC_WARN_UNUSED_VARIABLE = YES;
				IPHONEOS_DEPLOYMENT_TARGET = 12.2;
				MTL_ENABLE_DEBUG_INFO = INCLUDE_SOURCE;
				MTL_FAST_MATH = YES;
				ONLY_ACTIVE_ARCH = YES;
				SDKROOT = iphoneos;
			};
			name = Debug;
		};
		861150BD234DEF950029BEAE /* Release */ = {
			isa = XCBuildConfiguration;
			buildSettings = {
				ALWAYS_SEARCH_USER_PATHS = NO;
				CLANG_ANALYZER_NONNULL = YES;
				CLANG_ANALYZER_NUMBER_OBJECT_CONVERSION = YES_AGGRESSIVE;
				CLANG_CXX_LANGUAGE_STANDARD = "gnu++14";
				CLANG_CXX_LIBRARY = "libc++";
				CLANG_ENABLE_MODULES = YES;
				CLANG_ENABLE_OBJC_ARC = YES;
				CLANG_ENABLE_OBJC_WEAK = YES;
				CLANG_WARN_BLOCK_CAPTURE_AUTORELEASING = YES;
				CLANG_WARN_BOOL_CONVERSION = YES;
				CLANG_WARN_COMMA = YES;
				CLANG_WARN_CONSTANT_CONVERSION = YES;
				CLANG_WARN_DEPRECATED_OBJC_IMPLEMENTATIONS = YES;
				CLANG_WARN_DIRECT_OBJC_ISA_USAGE = YES_ERROR;
				CLANG_WARN_DOCUMENTATION_COMMENTS = YES;
				CLANG_WARN_EMPTY_BODY = YES;
				CLANG_WARN_ENUM_CONVERSION = YES;
				CLANG_WARN_INFINITE_RECURSION = YES;
				CLANG_WARN_INT_CONVERSION = YES;
				CLANG_WARN_NON_LITERAL_NULL_CONVERSION = YES;
				CLANG_WARN_OBJC_IMPLICIT_RETAIN_SELF = YES;
				CLANG_WARN_OBJC_LITERAL_CONVERSION = YES;
				CLANG_WARN_OBJC_ROOT_CLASS = YES_ERROR;
				CLANG_WARN_RANGE_LOOP_ANALYSIS = YES;
				CLANG_WARN_STRICT_PROTOTYPES = YES;
				CLANG_WARN_SUSPICIOUS_MOVE = YES;
				CLANG_WARN_UNGUARDED_AVAILABILITY = YES_AGGRESSIVE;
				CLANG_WARN_UNREACHABLE_CODE = YES;
				CLANG_WARN__DUPLICATE_METHOD_MATCH = YES;
				CODE_SIGN_IDENTITY = "iPhone Developer";
				COPY_PHASE_STRIP = NO;
				DEBUG_INFORMATION_FORMAT = "dwarf-with-dsym";
				ENABLE_NS_ASSERTIONS = NO;
				ENABLE_STRICT_OBJC_MSGSEND = YES;
				GCC_C_LANGUAGE_STANDARD = gnu11;
				GCC_NO_COMMON_BLOCKS = YES;
				GCC_WARN_64_TO_32_BIT_CONVERSION = YES;
				GCC_WARN_ABOUT_RETURN_TYPE = YES_ERROR;
				GCC_WARN_UNDECLARED_SELECTOR = YES;
				GCC_WARN_UNINITIALIZED_AUTOS = YES_AGGRESSIVE;
				GCC_WARN_UNUSED_FUNCTION = YES;
				GCC_WARN_UNUSED_VARIABLE = YES;
				IPHONEOS_DEPLOYMENT_TARGET = 12.2;
				MTL_ENABLE_DEBUG_INFO = NO;
				MTL_FAST_MATH = YES;
				SDKROOT = iphoneos;
				VALIDATE_PRODUCT = YES;
			};
			name = Release;
		};
		861150BF234DEF950029BEAE /* Debug */ = {
			isa = XCBuildConfiguration;
			baseConfigurationReference = FD160EFA38ACEB76CB9B8538 /* Pods-Bean Flap.debug.xcconfig */;
			buildSettings = {
				ASSETCATALOG_COMPILER_APPICON_NAME = AppIcon;
				CODE_SIGN_STYLE = Automatic;
				INFOPLIST_FILE = "Bean Flap/Info.plist";
				LD_RUNPATH_SEARCH_PATHS = (
					"$(inherited)",
					"@executable_path/Frameworks",
				);
				PRODUCT_BUNDLE_IDENTIFIER = "cinderella.Bean-Flap";
				PRODUCT_NAME = "$(TARGET_NAME)";
				TARGETED_DEVICE_FAMILY = "1,2";
			};
			name = Debug;
		};
		861150C0234DEF950029BEAE /* Release */ = {
			isa = XCBuildConfiguration;
			baseConfigurationReference = 4BFEDFE8FFDD940FBD1EB6C6 /* Pods-Bean Flap.release.xcconfig */;
			buildSettings = {
				ASSETCATALOG_COMPILER_APPICON_NAME = AppIcon;
				CODE_SIGN_STYLE = Automatic;
				INFOPLIST_FILE = "Bean Flap/Info.plist";
				LD_RUNPATH_SEARCH_PATHS = (
					"$(inherited)",
					"@executable_path/Frameworks",
				);
				PRODUCT_BUNDLE_IDENTIFIER = "cinderella.Bean-Flap";
				PRODUCT_NAME = "$(TARGET_NAME)";
				TARGETED_DEVICE_FAMILY = "1,2";
			};
			name = Release;
		};
/* End XCBuildConfiguration section */

/* Begin XCConfigurationList section */
		861150A3234DEF8E0029BEAE /* Build configuration list for PBXProject "Bean Flap" */ = {
			isa = XCConfigurationList;
			buildConfigurations = (
				861150BC234DEF950029BEAE /* Debug */,
				861150BD234DEF950029BEAE /* Release */,
			);
			defaultConfigurationIsVisible = 0;
			defaultConfigurationName = Release;
		};
		861150BE234DEF950029BEAE /* Build configuration list for PBXNativeTarget "Bean Flap" */ = {
			isa = XCConfigurationList;
			buildConfigurations = (
				861150BF234DEF950029BEAE /* Debug */,
				861150C0234DEF950029BEAE /* Release */,
			);
			defaultConfigurationIsVisible = 0;
			defaultConfigurationName = Release;
		};
/* End XCConfigurationList section */
	};
	rootObject = 861150A0234DEF8E0029BEAE /* Project object */;
}
